
Microsoft Visual Studio Solution File, Format Version 12.00
# Visual Studio Version 17
VisualStudioVersion = 17.4.33205.214
MinimumVisualStudioVersion = 10.0.40219.1
Project("{FAE04EC0-301F-11D3-BF4B-00C04F79EFBC}") = "BlazorAuth.Server", "BlazorAuth\Server\BlazorAuth.Server.csproj", "{5E0AA00F-AD56-4169-9493-57F2AEF815AD}"
EndProject
Project("{FAE04EC0-301F-11D3-BF4B-00C04F79EFBC}") = "BlazorAuth.Client", "BlazorAuth\Client\BlazorAuth.Client.csproj", "{59DBF083-E214-4D4D-8A96-B8E675CC174D}"
EndProject
Project("{FAE04EC0-301F-11D3-BF4B-00C04F79EFBC}") = "BlazorAuth.Shared", "BlazorAuth\Shared\BlazorAuth.Shared.csproj", "{463A45B7-D56E-407D-899B-946EA3532A7E}"
EndProject
Global
	GlobalSection(SolutionConfigurationPlatforms) = preSolution
		Debug|Any CPU = Debug|Any CPU
		Release|Any CPU = Release|Any CPU
	EndGlobalSection
	GlobalSection(ProjectConfigurationPlatforms) = postSolution
		{5E0AA00F-AD56-4169-9493-57F2AEF815AD}.Debug|Any CPU.ActiveCfg = Debug|Any CPU
		{5E0AA00F-AD56-4169-9493-57F2AEF815AD}.Debug|Any CPU.Build.0 = Debug|Any CPU
		{5E0AA00F-AD56-4169-9493-57F2AEF815AD}.Release|Any CPU.ActiveCfg = Release|Any CPU
		{5E0AA00F-AD56-4169-9493-57F2AEF815AD}.Release|Any CPU.Build.0 = Release|Any CPU
		{59DBF083-E214-4D4D-8A96-B8E675CC174D}.Debug|Any CPU.ActiveCfg = Debug|Any CPU
		{59DBF083-E214-4D4D-8A96-B8E675CC174D}.Debug|Any CPU.Build.0 = Debug|Any CPU
		{59DBF083-E214-4D4D-8A96-B8E675CC174D}.Release|Any CPU.ActiveCfg = Release|Any CPU
		{59DBF083-E214-4D4D-8A96-B8E675CC174D}.Release|Any CPU.Build.0 = Release|Any CPU
		{463A45B7-D56E-407D-899B-946EA3532A7E}.Debug|Any CPU.ActiveCfg = Debug|Any CPU
		{463A45B7-D56E-407D-899B-946EA3532A7E}.Debug|Any CPU.Build.0 = Debug|Any CPU
		{463A45B7-D56E-407D-899B-946EA3532A7E}.Release|Any CPU.ActiveCfg = Release|Any CPU
		{463A45B7-D56E-407D-899B-946EA3532A7E}.Release|Any CPU.Build.0 = Release|Any CPU
	EndGlobalSection
	GlobalSection(SolutionProperties) = preSolution
		HideSolutionNode = FALSE
	EndGlobalSection
	GlobalSection(ExtensibilityGlobals) = postSolution
		SolutionGuid = {A9B47249-AA04-4AF3-8F36-5692BDD360FF}
	EndGlobalSection
EndGlobal
